# THIS IS AN AUTOGENERATED FILE. DO NOT EDIT THIS FILE DIRECTLY.
# yarn lockfile v1


"@babel/runtime@^7.25.0":
  version "7.28.4"
  resolved "https://registry.npmjs.org/@babel/runtime/-/runtime-7.28.4.tgz"
  integrity sha512-Q/N6JNWvIvPnLDvjlE1OUBLPQHH6l3CltCEsHIujp45zQUSSh8K+gHnaEX45yAT1nyngnINhvWtzN+Nb9D8RAQ==

"@emnapi/runtime@^1.7.0":
  version "1.7.1"
  resolved "https://registry.npmjs.org/@emnapi/runtime/-/runtime-1.7.1.tgz"
  integrity sha512-PVtJr5CmLwYAU9PZDMITZoR5iAOShYREoR45EyyLrbntV50mdePTgUn4AmOw90Ifcj+x2kRjdzr1HP3RrNiHGA==
  dependencies:
    tslib "^2.4.0"

"@grapenpm/vine-reputation-client@^0.1.32":
  version "0.1.32"
  resolved "https://registry.yarnpkg.com/@grapenpm/vine-reputation-client/-/vine-reputation-client-0.1.32.tgz#adb7607c7aa77fcf4edd39768dffca996e1e8ca4"
  integrity sha512-YqU0zpGELgWOAimcbRLFlEo9cVt+ohqz+Yqy8asAuX1P4t+JeCZhfNzvjg6C+kp9BRwuA+XEMl2GTLpyVjTHLw==
  dependencies:
    bs58 "^6.0.0"

"@img/colour@^1.0.0":
  version "1.0.0"
  resolved "https://registry.npmjs.org/@img/colour/-/colour-1.0.0.tgz"
  integrity sha512-A5P/LfWGFSl6nsckYtjw9da+19jB8hkJ6ACTGcDfEJ0aE+l2n2El7dsVM7UVHZQ9s2lmYMWlrS21YLy2IR1LUw==

"@img/sharp-darwin-arm64@0.34.5":
  version "0.34.5"
  resolved "https://registry.npmjs.org/@img/sharp-darwin-arm64/-/sharp-darwin-arm64-0.34.5.tgz"
  integrity sha512-imtQ3WMJXbMY4fxb/Ndp6HBTNVtWCUI0WdobyheGf5+ad6xX8VIDO8u2xE4qc/fr08CKG/7dDseFtn6M6g/r3w==
  optionalDependencies:
    "@img/sharp-libvips-darwin-arm64" "1.2.4"

"@img/sharp-darwin-x64@0.34.5":
  version "0.34.5"
  resolved "https://registry.npmjs.org/@img/sharp-darwin-x64/-/sharp-darwin-x64-0.34.5.tgz"
  integrity sha512-YNEFAF/4KQ/PeW0N+r+aVVsoIY0/qxxikF2SWdp+NRkmMB7y9LBZAVqQ4yhGCm/H3H270OSykqmQMKLBhBJDEw==
  optionalDependencies:
    "@img/sharp-libvips-darwin-x64" "1.2.4"

"@img/sharp-libvips-darwin-arm64@1.2.4":
  version "1.2.4"
  resolved "https://registry.npmjs.org/@img/sharp-libvips-darwin-arm64/-/sharp-libvips-darwin-arm64-1.2.4.tgz"
  integrity sha512-zqjjo7RatFfFoP0MkQ51jfuFZBnVE2pRiaydKJ1G/rHZvnsrHAOcQALIi9sA5co5xenQdTugCvtb1cuf78Vf4g==

"@img/sharp-libvips-darwin-x64@1.2.4":
  version "1.2.4"
  resolved "https://registry.npmjs.org/@img/sharp-libvips-darwin-x64/-/sharp-libvips-darwin-x64-1.2.4.tgz"
  integrity sha512-1IOd5xfVhlGwX+zXv2N93k0yMONvUlANylbJw1eTah8K/Jtpi15KC+WSiaX/nBmbm2HxRM1gZ0nSdjSsrZbGKg==

"@img/sharp-libvips-linux-arm64@1.2.4":
  version "1.2.4"
  resolved "https://registry.npmjs.org/@img/sharp-libvips-linux-arm64/-/sharp-libvips-linux-arm64-1.2.4.tgz"
  integrity sha512-excjX8DfsIcJ10x1Kzr4RcWe1edC9PquDRRPx3YVCvQv+U5p7Yin2s32ftzikXojb1PIFc/9Mt28/y+iRklkrw==

"@img/sharp-libvips-linux-arm@1.2.4":
  version "1.2.4"
  resolved "https://registry.npmjs.org/@img/sharp-libvips-linux-arm/-/sharp-libvips-linux-arm-1.2.4.tgz"
  integrity sha512-bFI7xcKFELdiNCVov8e44Ia4u2byA+l3XtsAj+Q8tfCwO6BQ8iDojYdvoPMqsKDkuoOo+X6HZA0s0q11ANMQ8A==

"@img/sharp-libvips-linux-ppc64@1.2.4":
  version "1.2.4"
  resolved "https://registry.npmjs.org/@img/sharp-libvips-linux-ppc64/-/sharp-libvips-linux-ppc64-1.2.4.tgz"
  integrity sha512-FMuvGijLDYG6lW+b/UvyilUWu5Ayu+3r2d1S8notiGCIyYU/76eig1UfMmkZ7vwgOrzKzlQbFSuQfgm7GYUPpA==

"@img/sharp-libvips-linux-riscv64@1.2.4":
  version "1.2.4"
  resolved "https://registry.npmjs.org/@img/sharp-libvips-linux-riscv64/-/sharp-libvips-linux-riscv64-1.2.4.tgz"
  integrity sha512-oVDbcR4zUC0ce82teubSm+x6ETixtKZBh/qbREIOcI3cULzDyb18Sr/Wcyx7NRQeQzOiHTNbZFF1UwPS2scyGA==

"@img/sharp-libvips-linux-s390x@1.2.4":
  version "1.2.4"
  resolved "https://registry.npmjs.org/@img/sharp-libvips-linux-s390x/-/sharp-libvips-linux-s390x-1.2.4.tgz"
  integrity sha512-qmp9VrzgPgMoGZyPvrQHqk02uyjA0/QrTO26Tqk6l4ZV0MPWIW6LTkqOIov+J1yEu7MbFQaDpwdwJKhbJvuRxQ==

"@img/sharp-libvips-linux-x64@1.2.4":
  version "1.2.4"
  resolved "https://registry.npmjs.org/@img/sharp-libvips-linux-x64/-/sharp-libvips-linux-x64-1.2.4.tgz"
  integrity sha512-tJxiiLsmHc9Ax1bz3oaOYBURTXGIRDODBqhveVHonrHJ9/+k89qbLl0bcJns+e4t4rvaNBxaEZsFtSfAdquPrw==

"@img/sharp-libvips-linuxmusl-arm64@1.2.4":
  version "1.2.4"
  resolved "https://registry.npmjs.org/@img/sharp-libvips-linuxmusl-arm64/-/sharp-libvips-linuxmusl-arm64-1.2.4.tgz"
  integrity sha512-FVQHuwx1IIuNow9QAbYUzJ+En8KcVm9Lk5+uGUQJHaZmMECZmOlix9HnH7n1TRkXMS0pGxIJokIVB9SuqZGGXw==

"@img/sharp-libvips-linuxmusl-x64@1.2.4":
  version "1.2.4"
  resolved "https://registry.npmjs.org/@img/sharp-libvips-linuxmusl-x64/-/sharp-libvips-linuxmusl-x64-1.2.4.tgz"
  integrity sha512-+LpyBk7L44ZIXwz/VYfglaX/okxezESc6UxDSoyo2Ks6Jxc4Y7sGjpgU9s4PMgqgjj1gZCylTieNamqA1MF7Dg==

"@img/sharp-linux-arm64@0.34.5":
  version "0.34.5"
  resolved "https://registry.npmjs.org/@img/sharp-linux-arm64/-/sharp-linux-arm64-0.34.5.tgz"
  integrity sha512-bKQzaJRY/bkPOXyKx5EVup7qkaojECG6NLYswgktOZjaXecSAeCWiZwwiFf3/Y+O1HrauiE3FVsGxFg8c24rZg==
  optionalDependencies:
    "@img/sharp-libvips-linux-arm64" "1.2.4"

"@img/sharp-linux-arm@0.34.5":
  version "0.34.5"
  resolved "https://registry.npmjs.org/@img/sharp-linux-arm/-/sharp-linux-arm-0.34.5.tgz"
  integrity sha512-9dLqsvwtg1uuXBGZKsxem9595+ujv0sJ6Vi8wcTANSFpwV/GONat5eCkzQo/1O6zRIkh0m/8+5BjrRr7jDUSZw==
  optionalDependencies:
    "@img/sharp-libvips-linux-arm" "1.2.4"

"@img/sharp-linux-ppc64@0.34.5":
  version "0.34.5"
  resolved "https://registry.npmjs.org/@img/sharp-linux-ppc64/-/sharp-linux-ppc64-0.34.5.tgz"
  integrity sha512-7zznwNaqW6YtsfrGGDA6BRkISKAAE1Jo0QdpNYXNMHu2+0dTrPflTLNkpc8l7MUP5M16ZJcUvysVWWrMefZquA==
  optionalDependencies:
    "@img/sharp-libvips-linux-ppc64" "1.2.4"

"@img/sharp-linux-riscv64@0.34.5":
  version "0.34.5"
  resolved "https://registry.npmjs.org/@img/sharp-linux-riscv64/-/sharp-linux-riscv64-0.34.5.tgz"
  integrity sha512-51gJuLPTKa7piYPaVs8GmByo7/U7/7TZOq+cnXJIHZKavIRHAP77e3N2HEl3dgiqdD/w0yUfiJnII77PuDDFdw==
  optionalDependencies:
    "@img/sharp-libvips-linux-riscv64" "1.2.4"

"@img/sharp-linux-s390x@0.34.5":
  version "0.34.5"
  resolved "https://registry.npmjs.org/@img/sharp-linux-s390x/-/sharp-linux-s390x-0.34.5.tgz"
  integrity sha512-nQtCk0PdKfho3eC5MrbQoigJ2gd1CgddUMkabUj+rBevs8tZ2cULOx46E7oyX+04WGfABgIwmMC0VqieTiR4jg==
  optionalDependencies:
    "@img/sharp-libvips-linux-s390x" "1.2.4"

"@img/sharp-linux-x64@0.34.5":
  version "0.34.5"
  resolved "https://registry.npmjs.org/@img/sharp-linux-x64/-/sharp-linux-x64-0.34.5.tgz"
  integrity sha512-MEzd8HPKxVxVenwAa+JRPwEC7QFjoPWuS5NZnBt6B3pu7EG2Ge0id1oLHZpPJdn3OQK+BQDiw9zStiHBTJQQQQ==
  optionalDependencies:
    "@img/sharp-libvips-linux-x64" "1.2.4"

"@img/sharp-linuxmusl-arm64@0.34.5":
  version "0.34.5"
  resolved "https://registry.npmjs.org/@img/sharp-linuxmusl-arm64/-/sharp-linuxmusl-arm64-0.34.5.tgz"
  integrity sha512-fprJR6GtRsMt6Kyfq44IsChVZeGN97gTD331weR1ex1c1rypDEABN6Tm2xa1wE6lYb5DdEnk03NZPqA7Id21yg==
  optionalDependencies:
    "@img/sharp-libvips-linuxmusl-arm64" "1.2.4"

"@img/sharp-linuxmusl-x64@0.34.5":
  version "0.34.5"
  resolved "https://registry.npmjs.org/@img/sharp-linuxmusl-x64/-/sharp-linuxmusl-x64-0.34.5.tgz"
  integrity sha512-Jg8wNT1MUzIvhBFxViqrEhWDGzqymo3sV7z7ZsaWbZNDLXRJZoRGrjulp60YYtV4wfY8VIKcWidjojlLcWrd8Q==
  optionalDependencies:
    "@img/sharp-libvips-linuxmusl-x64" "1.2.4"

"@img/sharp-wasm32@0.34.5":
  version "0.34.5"
  resolved "https://registry.npmjs.org/@img/sharp-wasm32/-/sharp-wasm32-0.34.5.tgz"
  integrity sha512-OdWTEiVkY2PHwqkbBI8frFxQQFekHaSSkUIJkwzclWZe64O1X4UlUjqqqLaPbUpMOQk6FBu/HtlGXNblIs0huw==
  dependencies:
    "@emnapi/runtime" "^1.7.0"

"@img/sharp-win32-arm64@0.34.5":
  version "0.34.5"
  resolved "https://registry.npmjs.org/@img/sharp-win32-arm64/-/sharp-win32-arm64-0.34.5.tgz"
  integrity sha512-WQ3AgWCWYSb2yt+IG8mnC6Jdk9Whs7O0gxphblsLvdhSpSTtmu69ZG1Gkb6NuvxsNACwiPV6cNSZNzt0KPsw7g==

"@img/sharp-win32-ia32@0.34.5":
  version "0.34.5"
  resolved "https://registry.npmjs.org/@img/sharp-win32-ia32/-/sharp-win32-ia32-0.34.5.tgz"
  integrity sha512-FV9m/7NmeCmSHDD5j4+4pNI8Cp3aW+JvLoXcTUo0IqyjSfAZJ8dIUmijx1qaJsIiU+Hosw6xM5KijAWRJCSgNg==

"@img/sharp-win32-x64@0.34.5":
  version "0.34.5"
  resolved "https://registry.npmjs.org/@img/sharp-win32-x64/-/sharp-win32-x64-0.34.5.tgz"
  integrity sha512-+29YMsqY2/9eFEiW93eqWnuLcWcufowXewwSNIT6UwZdUUCrM3oFjMWH/Z6/TMmb4hlFenmfAVbpWeup2jryCw==

"@next/env@16.1.1":
  version "16.1.1"
  resolved "https://registry.npmjs.org/@next/env/-/env-16.1.1.tgz"
  integrity sha512-3oxyM97Sr2PqiVyMyrZUtrtM3jqqFxOQJVuKclDsgj/L728iZt/GyslkN4NwarledZATCenbk4Offjk1hQmaAA==

"@next/swc-darwin-arm64@16.1.1":
  version "16.1.1"
  resolved "https://registry.npmjs.org/@next/swc-darwin-arm64/-/swc-darwin-arm64-16.1.1.tgz"
  integrity sha512-JS3m42ifsVSJjSTzh27nW+Igfha3NdBOFScr9C80hHGrWx55pTrVL23RJbqir7k7/15SKlrLHhh/MQzqBBYrQA==

"@next/swc-darwin-x64@16.1.1":
  version "16.1.1"
  resolved "https://registry.npmjs.org/@next/swc-darwin-x64/-/swc-darwin-x64-16.1.1.tgz"
  integrity sha512-hbyKtrDGUkgkyQi1m1IyD3q4I/3m9ngr+V93z4oKHrPcmxwNL5iMWORvLSGAf2YujL+6HxgVvZuCYZfLfb4bGw==

"@next/swc-linux-arm64-gnu@16.1.1":
  version "16.1.1"
  resolved "https://registry.npmjs.org/@next/swc-linux-arm64-gnu/-/swc-linux-arm64-gnu-16.1.1.tgz"
  integrity sha512-/fvHet+EYckFvRLQ0jPHJCUI5/B56+2DpI1xDSvi80r/3Ez+Eaa2Yq4tJcRTaB1kqj/HrYKn8Yplm9bNoMJpwQ==

"@next/swc-linux-arm64-musl@16.1.1":
  version "16.1.1"
  resolved "https://registry.npmjs.org/@next/swc-linux-arm64-musl/-/swc-linux-arm64-musl-16.1.1.tgz"
  integrity sha512-MFHrgL4TXNQbBPzkKKur4Fb5ICEJa87HM7fczFs2+HWblM7mMLdco3dvyTI+QmLBU9xgns/EeeINSZD6Ar+oLg==

"@next/swc-linux-x64-gnu@16.1.1":
  version "16.1.1"
  resolved "https://registry.npmjs.org/@next/swc-linux-x64-gnu/-/swc-linux-x64-gnu-16.1.1.tgz"
  integrity sha512-20bYDfgOQAPUkkKBnyP9PTuHiJGM7HzNBbuqmD0jiFVZ0aOldz+VnJhbxzjcSabYsnNjMPsE0cyzEudpYxsrUQ==

"@next/swc-linux-x64-musl@16.1.1":
  version "16.1.1"
  resolved "https://registry.npmjs.org/@next/swc-linux-x64-musl/-/swc-linux-x64-musl-16.1.1.tgz"
  integrity sha512-9pRbK3M4asAHQRkwaXwu601oPZHghuSC8IXNENgbBSyImHv/zY4K5udBusgdHkvJ/Tcr96jJwQYOll0qU8+fPA==

"@next/swc-win32-arm64-msvc@16.1.1":
  version "16.1.1"
  resolved "https://registry.npmjs.org/@next/swc-win32-arm64-msvc/-/swc-win32-arm64-msvc-16.1.1.tgz"
  integrity sha512-bdfQkggaLgnmYrFkSQfsHfOhk/mCYmjnrbRCGgkMcoOBZ4n+TRRSLmT/CU5SATzlBJ9TpioUyBW/vWFXTqQRiA==

"@next/swc-win32-x64-msvc@16.1.1":
  version "16.1.1"
  resolved "https://registry.npmjs.org/@next/swc-win32-x64-msvc/-/swc-win32-x64-msvc-16.1.1.tgz"
  integrity sha512-Ncwbw2WJ57Al5OX0k4chM68DKhEPlrXBaSXDCi2kPi5f4d8b3ejr3RRJGfKBLrn2YJL5ezNS7w2TZLHSti8CMw==

"@noble/curves@^1.4.2":
  version "1.9.7"
  resolved "https://registry.npmjs.org/@noble/curves/-/curves-1.9.7.tgz"
  integrity sha512-gbKGcRUYIjA3/zCCNaWDciTMFI0dCkvou3TL8Zmy5Nc7sJ47a0jtOeZoTaMxkuqRo9cRhjOdZJXegxYE5FN/xw==
  dependencies:
    "@noble/hashes" "1.8.0"

"@noble/hashes@1.8.0", "@noble/hashes@^1.4.0":
  version "1.8.0"
  resolved "https://registry.npmjs.org/@noble/hashes/-/hashes-1.8.0.tgz"
  integrity sha512-jCs9ldd7NwzpgXDIf6P3+NrHh9/sD6CQdxHyjQI+h/6rDNo88ypBxxz45UDuZHz9r3tNz7N/VInSVoVdtXEI4A==

"@solana/buffer-layout@^4.0.1":
  version "4.0.1"
  resolved "https://registry.npmjs.org/@solana/buffer-layout/-/buffer-layout-4.0.1.tgz"
  integrity sha512-E1ImOIAD1tBZFRdjeM4/pzTiTApC0AOBGwyAMS4fwIodCWArzJ3DWdoh8cKxeFM2fElkxBh2Aqts1BPC373rHA==
  dependencies:
    buffer "~6.0.3"

"@solana/codecs-core@2.3.0":
  version "2.3.0"
  resolved "https://registry.npmjs.org/@solana/codecs-core/-/codecs-core-2.3.0.tgz"
  integrity sha512-oG+VZzN6YhBHIoSKgS5ESM9VIGzhWjEHEGNPSibiDTxFhsFWxNaz8LbMDPjBUE69r9wmdGLkrQ+wVPbnJcZPvw==
  dependencies:
    "@solana/errors" "2.3.0"

"@solana/codecs-numbers@^2.1.0":
  version "2.3.0"
  resolved "https://registry.npmjs.org/@solana/codecs-numbers/-/codecs-numbers-2.3.0.tgz"
  integrity sha512-jFvvwKJKffvG7Iz9dmN51OGB7JBcy2CJ6Xf3NqD/VP90xak66m/Lg48T01u5IQ/hc15mChVHiBm+HHuOFDUrQg==
  dependencies:
    "@solana/codecs-core" "2.3.0"
    "@solana/errors" "2.3.0"

"@solana/errors@2.3.0":
  version "2.3.0"
  resolved "https://registry.npmjs.org/@solana/errors/-/errors-2.3.0.tgz"
  integrity sha512-66RI9MAbwYV0UtP7kGcTBVLxJgUxoZGm8Fbc0ah+lGiAw17Gugco6+9GrJCV83VyF2mDWyYnYM9qdI3yjgpnaQ==
  dependencies:
    chalk "^5.4.1"
    commander "^14.0.0"

"@solana/web3.js@^1.98.4":
  version "1.98.4"
  resolved "https://registry.npmjs.org/@solana/web3.js/-/web3.js-1.98.4.tgz"
  integrity sha512-vv9lfnvjUsRiq//+j5pBdXig0IQdtzA0BRZ3bXEP4KaIyF1CcaydWqgyzQgfZMNIsWNWmG+AUHwPy4AHOD6gpw==
  dependencies:
    "@babel/runtime" "^7.25.0"
    "@noble/curves" "^1.4.2"
    "@noble/hashes" "^1.4.0"
    "@solana/buffer-layout" "^4.0.1"
    "@solana/codecs-numbers" "^2.1.0"
    agentkeepalive "^4.5.0"
    bn.js "^5.2.1"
    borsh "^0.7.0"
    bs58 "^4.0.1"
    buffer "6.0.3"
    fast-stable-stringify "^1.0.0"
    jayson "^4.1.1"
    node-fetch "^2.7.0"
    rpc-websockets "^9.0.2"
    superstruct "^2.0.2"

"@swc/helpers@0.5.15", "@swc/helpers@^0.5.11":
  version "0.5.15"
  resolved "https://registry.npmjs.org/@swc/helpers/-/helpers-0.5.15.tgz"
  integrity sha512-JQ5TuMi45Owi4/BIMAJBoSQoOJu12oOk/gADqlcUL9JEdHB8vyjUSsxqeNXnmXHjYKMi2WcYtezGEEhqUI/E2g==
  dependencies:
    tslib "^2.8.0"

"@types/connect@^3.4.33":
  version "3.4.38"
  resolved "https://registry.npmjs.org/@types/connect/-/connect-3.4.38.tgz"
  integrity sha512-K6uROf1LD88uDQqJCktA4yzL1YYAK6NgfsI0v/mTgyPKWsX1CnJ0XPSDhViejru1GcRkLWb8RlzFYJRqGUbaug==
  dependencies:
    "@types/node" "*"

"@types/node@*", "@types/node@^12.12.54":
  version "12.20.55"
  resolved "https://registry.npmjs.org/@types/node/-/node-12.20.55.tgz"
  integrity sha512-J8xLz7q2OFulZ2cyGTLE1TbbZcjpno7FaN6zdJNrgAdrJ+DZzh/uFR6YrTb4C+nXakvud8Q4+rbhoIWlYQbUFQ==

"@types/uuid@^8.3.4":
  version "8.3.4"
  resolved "https://registry.npmjs.org/@types/uuid/-/uuid-8.3.4.tgz"
  integrity sha512-c/I8ZRb51j+pYGAu5CrFMRxqZ2ke4y2grEBO5AUjgSkSk+qT2Ea+OdWElz/OiMf5MNpn2b17kuVBwZLQJXzihw==

"@types/ws@^7.4.4":
  version "7.4.7"
  resolved "https://registry.npmjs.org/@types/ws/-/ws-7.4.7.tgz"
  integrity sha512-JQbbmxZTZehdc2iszGKs5oC3NFnjeay7mtAWrdt7qNtAVK0g19muApzAy4bm9byz79xa2ZnO/BOBC2R8RC5Lww==
  dependencies:
    "@types/node" "*"

"@types/ws@^8.2.2":
  version "8.18.1"
  resolved "https://registry.npmjs.org/@types/ws/-/ws-8.18.1.tgz"
  integrity sha512-ThVF6DCVhA8kUGy+aazFQ4kXQ7E1Ty7A3ypFOe0IcJV8O/M511G99AW24irKrW56Wt44yG9+ij8FaqoBGkuBXg==
  dependencies:
    "@types/node" "*"

"@upstash/redis@^1.34.0":
  version "1.36.0"
  resolved "https://registry.npmjs.org/@upstash/redis/-/redis-1.36.0.tgz"
  integrity sha512-9zN2UV9QJGPnXfWU3yZBLVQaqqENDh7g+Y4J2vJuSxBCi9FQ0aUOtaXlzuFhnsiZvCqM+eS27ic+tgmkWUsfOg==
  dependencies:
    uncrypto "^0.1.3"

"@vercel/kv@^3.0.0":
  version "3.0.0"
  resolved "https://registry.npmjs.org/@vercel/kv/-/kv-3.0.0.tgz"
  integrity sha512-pKT8fRnfyYk2MgvyB6fn6ipJPCdfZwiKDdw7vB+HL50rjboEBHDVBEcnwfkEpVSp2AjNtoaOUH7zG+bVC/rvSg==
  dependencies:
    "@upstash/redis" "^1.34.0"

agentkeepalive@^4.5.0:
  version "4.6.0"
  resolved "https://registry.npmjs.org/agentkeepalive/-/agentkeepalive-4.6.0.tgz"
  integrity sha512-kja8j7PjmncONqaTsB8fQ+wE2mSU2DJ9D4XKoJ5PFWIdRMa6SLSN1ff4mOr4jCbfRSsxR4keIiySJU0N9T5hIQ==
  dependencies:
    humanize-ms "^1.2.1"

base-x@^3.0.2:
  version "3.0.11"
  resolved "https://registry.npmjs.org/base-x/-/base-x-3.0.11.tgz"
  integrity sha512-xz7wQ8xDhdyP7tQxwdteLYeFfS68tSMNCZ/Y37WJ4bhGfKPpqEIlmIyueQHqOyoPhE6xNUqjzRr8ra0eF9VRvA==
  dependencies:
    safe-buffer "^5.0.1"

base-x@^5.0.0:
  version "5.0.1"
  resolved "https://registry.npmjs.org/base-x/-/base-x-5.0.1.tgz"
  integrity sha512-M7uio8Zt++eg3jPj+rHMfCC+IuygQHHCOU+IYsVtik6FWjuYpVt/+MRKcgsAMHh8mMFAwnB+Bs+mTrFiXjMzKg==

base64-js@^1.3.1:
  version "1.5.1"
  resolved "https://registry.npmjs.org/base64-js/-/base64-js-1.5.1.tgz"
  integrity sha512-AKpaYlHn8t4SVbOHCy+b5+KKgvR4vrsD8vbvrbiQJps7fKDTkjkDry6ji0rUJjC0kzbNePLwzxq8iypo41qeWA==

baseline-browser-mapping@^2.8.3:
  version "2.9.11"
  resolved "https://registry.npmjs.org/baseline-browser-mapping/-/baseline-browser-mapping-2.9.11.tgz"
  integrity sha512-Sg0xJUNDU1sJNGdfGWhVHX0kkZ+HWcvmVymJbj6NSgZZmW/8S9Y2HQ5euytnIgakgxN6papOAWiwDo1ctFDcoQ==

bn.js@^5.2.0, bn.js@^5.2.1:
  version "5.2.2"
  resolved "https://registry.npmjs.org/bn.js/-/bn.js-5.2.2.tgz"
  integrity sha512-v2YAxEmKaBLahNwE1mjp4WON6huMNeuDvagFZW+ASCuA/ku0bXR9hSMw0XpiqMoA3+rmnyck/tPRSFQkoC9Cuw==

borsh@^0.7.0:
  version "0.7.0"
  resolved "https://registry.npmjs.org/borsh/-/borsh-0.7.0.tgz"
  integrity sha512-CLCsZGIBCFnPtkNnieW/a8wmreDmfUtjU2m9yHrzPXIlNbqVs0AQrSatSG6vdNYUqdc83tkQi2eHfF98ubzQLA==
  dependencies:
    bn.js "^5.2.0"
    bs58 "^4.0.0"
    text-encoding-utf-8 "^1.0.2"

bs58@^4.0.0, bs58@^4.0.1:
  version "4.0.1"
  resolved "https://registry.npmjs.org/bs58/-/bs58-4.0.1.tgz"
  integrity sha512-Ok3Wdf5vOIlBrgCvTq96gBkJw+JUEzdBgyaza5HLtPm7yTHkjRy8+JzNyHF7BHa0bNWOQIp3m5YF0nnFcOIKLw==
  dependencies:
    base-x "^3.0.2"

bs58@^6.0.0:
  version "6.0.0"
  resolved "https://registry.npmjs.org/bs58/-/bs58-6.0.0.tgz"
  integrity sha512-PD0wEnEYg6ijszw/u8s+iI3H17cTymlrwkKhDhPZq+Sokl3AU4htyBFTjAeNAlCCmg0f53g6ih3jATyCKftTfw==
  dependencies:
    base-x "^5.0.0"

buffer@6.0.3, buffer@^6.0.3, buffer@~6.0.3:
  version "6.0.3"
  resolved "https://registry.npmjs.org/buffer/-/buffer-6.0.3.tgz"
  integrity sha512-FTiCpNxtwiZZHEZbcbTIcZjERVICn9yq/pDFkTl95/AxzD1naBctN7YO68riM/gLSDY7sdrMby8hofADYuuqOA==
  dependencies:
    base64-js "^1.3.1"
    ieee754 "^1.2.1"

bufferutil@^4.0.1:
  version "4.1.0"
  resolved "https://registry.yarnpkg.com/bufferutil/-/bufferutil-4.1.0.tgz#a4623541dd23867626bb08a051ec0d2ec0b70294"
  integrity sha512-ZMANVnAixE6AWWnPzlW2KpUrxhm9woycYvPOo67jWHyFowASTEd9s+QN1EIMsSDtwhIxN4sWE1jotpuDUIgyIw==
  dependencies:
    node-gyp-build "^4.3.0"

caniuse-lite@^1.0.30001579:
  version "1.0.30001761"
  resolved "https://registry.npmjs.org/caniuse-lite/-/caniuse-lite-1.0.30001761.tgz"
  integrity sha512-JF9ptu1vP2coz98+5051jZ4PwQgd2ni8A+gYSN7EA7dPKIMf0pDlSUxhdmVOaV3/fYK5uWBkgSXJaRLr4+3A6g==

chalk@^5.4.1:
  version "5.6.2"
  resolved "https://registry.npmjs.org/chalk/-/chalk-5.6.2.tgz"
  integrity sha512-7NzBL0rN6fMUW+f7A6Io4h40qQlG+xGmtMxfbnH/K7TAtt8JQWVQK+6g0UXKMeVJoyV5EkkNsErQ8pVD3bLHbA==

client-only@0.0.1:
  version "0.0.1"
  resolved "https://registry.npmjs.org/client-only/-/client-only-0.0.1.tgz"
  integrity sha512-IV3Ou0jSMzZrd3pZ48nLkT9DA7Ag1pnPzaiQhpW7c3RbcqqzvzzVu+L8gfqMp/8IM2MQtSiqaCxrrcfu8I8rMA==

commander@^14.0.0:
  version "14.0.2"
  resolved "https://registry.npmjs.org/commander/-/commander-14.0.2.tgz"
  integrity sha512-TywoWNNRbhoD0BXs1P3ZEScW8W5iKrnbithIl0YH+uCmBd0QpPOA8yc82DS3BIE5Ma6FnBVUsJ7wVUDz4dvOWQ==

commander@^2.20.3:
  version "2.20.3"
  resolved "https://registry.npmjs.org/commander/-/commander-2.20.3.tgz"
  integrity sha512-GpVkmM8vF2vQUkj2LvZmD35JxeJOLCwJ9cUkugyk2nuhbv3+mJvpLYYt+0+USMxE+oj+ey/lJEnhZw75x/OMcQ==

delay@^5.0.0:
  version "5.0.0"
  resolved "https://registry.npmjs.org/delay/-/delay-5.0.0.tgz"
  integrity sha512-ReEBKkIfe4ya47wlPYf/gu5ib6yUG0/Aez0JQZQz94kiWtRQvZIQbTiehsnwHvLSWJnQdhVeqYue7Id1dKr0qw==

detect-libc@^2.1.2:
  version "2.1.2"
  resolved "https://registry.npmjs.org/detect-libc/-/detect-libc-2.1.2.tgz"
  integrity sha512-Btj2BOOO83o3WyH59e8MgXsxEQVcarkUOpEYrubB0urwnN10yQ364rsiByU11nZlqWYZm05i/of7io4mzihBtQ==

discord-interactions@^4.4.0:
  version "4.4.0"
  resolved "https://registry.npmjs.org/discord-interactions/-/discord-interactions-4.4.0.tgz"
  integrity sha512-jjJx8iwAeJcj8oEauV43fue9lNqkf38fy60aSs2+G8D1nJmDxUIrk08o3h0F3wgwuBWWJUZO+X/VgfXsxpCiJA==

dotenv@^17.2.3:
  version "17.2.3"
  resolved "https://registry.npmjs.org/dotenv/-/dotenv-17.2.3.tgz"
  integrity sha512-JVUnt+DUIzu87TABbhPmNfVdBDt18BLOWjMUFJMSi/Qqg7NTYtabbvSNJGOJ7afbRuv9D/lngizHtP7QyLQ+9w==

es6-promise@^4.0.3:
  version "4.2.8"
  resolved "https://registry.npmjs.org/es6-promise/-/es6-promise-4.2.8.tgz"
  integrity sha512-HJDGx5daxeIvxdBxvG2cb9g4tEvwIk3i8+nhX0yGrYmZUzbkdg8QbDevheDB8gd0//uPj4c1EQua8Q+MViT0/w==

es6-promisify@^5.0.0:
  version "5.0.0"
  resolved "https://registry.npmjs.org/es6-promisify/-/es6-promisify-5.0.0.tgz"
  integrity sha512-C+d6UdsYDk0lMebHNR4S2NybQMMngAOnOwYBQjTOiv0MkoJMP0Myw2mgpDLBcpfCmRLxyFqYhS/CfOENq4SJhQ==
  dependencies:
    es6-promise "^4.0.3"

eventemitter3@^5.0.1:
  version "5.0.1"
  resolved "https://registry.npmjs.org/eventemitter3/-/eventemitter3-5.0.1.tgz"
  integrity sha512-GWkBvjiSZK87ELrYOSESUYeVIc9mvLLf/nXalMOS5dYrgZq9o5OVkbZAVM06CVxYsCwH9BDZFPlQTlPA1j4ahA==

eyes@^0.1.8:
  version "0.1.8"
  resolved "https://registry.npmjs.org/eyes/-/eyes-0.1.8.tgz"
  integrity sha512-GipyPsXO1anza0AOZdy69Im7hGFCNB7Y/NGjDlZGJ3GJJLtwNSb2vrzYrTYJRrRloVx7pl+bhUaTB8yiccPvFQ==

fast-stable-stringify@^1.0.0:
  version "1.0.0"
  resolved "https://registry.npmjs.org/fast-stable-stringify/-/fast-stable-stringify-1.0.0.tgz"
  integrity sha512-wpYMUmFu5f00Sm0cj2pfivpmawLZ0NKdviQ4w9zJeR8JVtOpOxHmLaJuj0vxvGqMJQWyP/COUkF75/57OKyRag==

humanize-ms@^1.2.1:
  version "1.2.1"
  resolved "https://registry.npmjs.org/humanize-ms/-/humanize-ms-1.2.1.tgz"
  integrity sha512-Fl70vYtsAFb/C06PTS9dZBo7ihau+Tu/DNCk/OyHhea07S+aeMWpFFkUaXRa8fI+ScZbEI8dfSxwY7gxZ9SAVQ==
  dependencies:
    ms "^2.0.0"

ieee754@^1.2.1:
  version "1.2.1"
  resolved "https://registry.npmjs.org/ieee754/-/ieee754-1.2.1.tgz"
  integrity sha512-dcyqhDvX1C46lXZcVqCpK+FtMRQVdIMN6/Df5js2zouUsqG7I6sFxitIC+7KYK29KdXOLHdu9zL4sFnoVQnqaA==

isomorphic-ws@^4.0.1:
  version "4.0.1"
  resolved "https://registry.npmjs.org/isomorphic-ws/-/isomorphic-ws-4.0.1.tgz"
  integrity sha512-BhBvN2MBpWTaSHdWRb/bwdZJ1WaehQ2L1KngkCkfLUGF0mAWAT1sQUQacEmQ0jXkFw/czDXPNQSL5u2/Krsz1w==

jayson@^4.1.1:
  version "4.3.0"
  resolved "https://registry.npmjs.org/jayson/-/jayson-4.3.0.tgz"
  integrity sha512-AauzHcUcqs8OBnCHOkJY280VaTiCm57AbuO7lqzcw7JapGj50BisE3xhksye4zlTSR1+1tAz67wLTl8tEH1obQ==
  dependencies:
    "@types/connect" "^3.4.33"
    "@types/node" "^12.12.54"
    "@types/ws" "^7.4.4"
    commander "^2.20.3"
    delay "^5.0.0"
    es6-promisify "^5.0.0"
    eyes "^0.1.8"
    isomorphic-ws "^4.0.1"
    json-stringify-safe "^5.0.1"
    stream-json "^1.9.1"
    uuid "^8.3.2"
    ws "^7.5.10"

json-stringify-safe@^5.0.1:
  version "5.0.1"
  resolved "https://registry.npmjs.org/json-stringify-safe/-/json-stringify-safe-5.0.1.tgz"
  integrity sha512-ZClg6AaYvamvYEE82d3Iyd3vSSIjQ+odgjaTzRuO3s7toCdFKczob2i0zCh7JE8kWn17yvAWhUVxvqGwUalsRA==

ms@^2.0.0:
  version "2.1.3"
  resolved "https://registry.npmjs.org/ms/-/ms-2.1.3.tgz"
  integrity sha512-6FlzubTLZG3J2a/NVCAleEhjzq5oxgHyaCU9yYXvcLsvoVaHJq/s5xXI6/XXP6tz7R9xAOtHnSO/tXtF3WRTlA==

nanoid@^3.3.6:
  version "3.3.11"
  resolved "https://registry.npmjs.org/nanoid/-/nanoid-3.3.11.tgz"
  integrity sha512-N8SpfPUnUp1bK+PMYW8qSWdl9U+wwNWI4QKxOYDy9JAro3WMX7p2OeVRF9v+347pnakNevPmiHhNmZ2HbFA76w==

next@^16.1.1:
  version "16.1.1"
  resolved "https://registry.npmjs.org/next/-/next-16.1.1.tgz"
  integrity sha512-QI+T7xrxt1pF6SQ/JYFz95ro/mg/1Znk5vBebsWwbpejj1T0A23hO7GYEaVac9QUOT2BIMiuzm0L99ooq7k0/w==
  dependencies:
    "@next/env" "16.1.1"
    "@swc/helpers" "0.5.15"
    baseline-browser-mapping "^2.8.3"
    caniuse-lite "^1.0.30001579"
    postcss "8.4.31"
    styled-jsx "5.1.6"
  optionalDependencies:
    "@next/swc-darwin-arm64" "16.1.1"
    "@next/swc-darwin-x64" "16.1.1"
    "@next/swc-linux-arm64-gnu" "16.1.1"
    "@next/swc-linux-arm64-musl" "16.1.1"
    "@next/swc-linux-x64-gnu" "16.1.1"
    "@next/swc-linux-x64-musl" "16.1.1"
    "@next/swc-win32-arm64-msvc" "16.1.1"
    "@next/swc-win32-x64-msvc" "16.1.1"
    sharp "^0.34.4"

node-fetch@^2.7.0:
  version "2.7.0"
  resolved "https://registry.npmjs.org/node-fetch/-/node-fetch-2.7.0.tgz"
  integrity sha512-c4FRfUm/dbcWZ7U+1Wq0AwCyFL+3nt2bEw05wfxSz+DWpWsitgmSgYmy2dQdWyKC1694ELPqMs/YzUSNozLt8A==
  dependencies:
    whatwg-url "^5.0.0"

node-gyp-build@^4.3.0:
  version "4.8.4"
  resolved "https://registry.yarnpkg.com/node-gyp-build/-/node-gyp-build-4.8.4.tgz#8a70ee85464ae52327772a90d66c6077a900cfc8"
  integrity sha512-LA4ZjwlnUblHVgq0oBF3Jl/6h/Nvs5fzBLwdEF4nuxnFdsfajde4WfxtJr3CaiH+F6ewcIB/q4jQ4UzPyid+CQ==

picocolors@^1.0.0:
  version "1.1.1"
  resolved "https://registry.npmjs.org/picocolors/-/picocolors-1.1.1.tgz"
  integrity sha512-xceH2snhtb5M9liqDsmEw56le376mTZkEX/jEb/RxNFyegNul7eNslCXP9FDj/Lcu0X8KEyMceP2ntpaHrDEVA==

postcss@8.4.31:
  version "8.4.31"
  resolved "https://registry.npmjs.org/postcss/-/postcss-8.4.31.tgz"
  integrity sha512-PS08Iboia9mts/2ygV3eLpY5ghnUcfLV/EXTOW1E2qYxJKGGBUtNjN76FYHnMs36RmARn41bC0AZmn+rR0OVpQ==
  dependencies:
    nanoid "^3.3.6"
    picocolors "^1.0.0"
    source-map-js "^1.0.2"

react-dom@^19.2.3:
  version "19.2.3"
  resolved "https://registry.npmjs.org/react-dom/-/react-dom-19.2.3.tgz"
  integrity sha512-yELu4WmLPw5Mr/lmeEpox5rw3RETacE++JgHqQzd2dg+YbJuat3jH4ingc+WPZhxaoFzdv9y33G+F7Nl5O0GBg==
  dependencies:
    scheduler "^0.27.0"

react@^19.2.3:
  version "19.2.3"
  resolved "https://registry.npmjs.org/react/-/react-19.2.3.tgz"
  integrity sha512-Ku/hhYbVjOQnXDZFv2+RibmLFGwFdeeKHFcOTlrt7xplBnya5OGn/hIRDsqDiSUcfORsDC7MPxwork8jBwsIWA==

rpc-websockets@^9.0.2:
  version "9.3.2"
  resolved "https://registry.npmjs.org/rpc-websockets/-/rpc-websockets-9.3.2.tgz"
  integrity sha512-VuW2xJDnl1k8n8kjbdRSWawPRkwaVqUQNjE1TdeTawf0y0abGhtVJFTXCLfgpgGDBkO/Fj6kny8Dc/nvOW78MA==
  dependencies:
    "@swc/helpers" "^0.5.11"
    "@types/uuid" "^8.3.4"
    "@types/ws" "^8.2.2"
    buffer "^6.0.3"
    eventemitter3 "^5.0.1"
    uuid "^8.3.2"
    ws "^8.5.0"
  optionalDependencies:
    bufferutil "^4.0.1"
    utf-8-validate "^5.0.2"

safe-buffer@^5.0.1:
  version "5.2.1"
  resolved "https://registry.npmjs.org/safe-buffer/-/safe-buffer-5.2.1.tgz"
  integrity sha512-rp3So07KcdmmKbGvgaNxQSJr7bGVSVk5S9Eq1F+ppbRo70+YeaDxkw5Dd8NPN+GD6bjnYm2VuPuCXmpuYvmCXQ==

scheduler@^0.27.0:
  version "0.27.0"
  resolved "https://registry.npmjs.org/scheduler/-/scheduler-0.27.0.tgz"
  integrity sha512-eNv+WrVbKu1f3vbYJT/xtiF5syA5HPIMtf9IgY/nKg0sWqzAUEvqY/xm7OcZc/qafLx/iO9FgOmeSAp4v5ti/Q==

semver@^7.7.3:
  version "7.7.3"
  resolved "https://registry.npmjs.org/semver/-/semver-7.7.3.tgz"
  integrity sha512-SdsKMrI9TdgjdweUSR9MweHA4EJ8YxHn8DFaDisvhVlUOe4BF1tLD7GAj0lIqWVl+dPb/rExr0Btby5loQm20Q==

sharp@^0.34.4:
  version "0.34.5"
  resolved "https://registry.npmjs.org/sharp/-/sharp-0.34.5.tgz"
  integrity sha512-Ou9I5Ft9WNcCbXrU9cMgPBcCK8LiwLqcbywW3t4oDV37n1pzpuNLsYiAV8eODnjbtQlSDwZ2cUEeQz4E54Hltg==
  dependencies:
    "@img/colour" "^1.0.0"
    detect-libc "^2.1.2"
    semver "^7.7.3"
  optionalDependencies:
    "@img/sharp-darwin-arm64" "0.34.5"
    "@img/sharp-darwin-x64" "0.34.5"
    "@img/sharp-libvips-darwin-arm64" "1.2.4"
    "@img/sharp-libvips-darwin-x64" "1.2.4"
    "@img/sharp-libvips-linux-arm" "1.2.4"
    "@img/sharp-libvips-linux-arm64" "1.2.4"
    "@img/sharp-libvips-linux-ppc64" "1.2.4"
    "@img/sharp-libvips-linux-riscv64" "1.2.4"
    "@img/sharp-libvips-linux-s390x" "1.2.4"
    "@img/sharp-libvips-linux-x64" "1.2.4"
    "@img/sharp-libvips-linuxmusl-arm64" "1.2.4"
    "@img/sharp-libvips-linuxmusl-x64" "1.2.4"
    "@img/sharp-linux-arm" "0.34.5"
    "@img/sharp-linux-arm64" "0.34.5"
    "@img/sharp-linux-ppc64" "0.34.5"
    "@img/sharp-linux-riscv64" "0.34.5"
    "@img/sharp-linux-s390x" "0.34.5"
    "@img/sharp-linux-x64" "0.34.5"
    "@img/sharp-linuxmusl-arm64" "0.34.5"
    "@img/sharp-linuxmusl-x64" "0.34.5"
    "@img/sharp-wasm32" "0.34.5"
    "@img/sharp-win32-arm64" "0.34.5"
    "@img/sharp-win32-ia32" "0.34.5"
    "@img/sharp-win32-x64" "0.34.5"

source-map-js@^1.0.2:
  version "1.2.1"
  resolved "https://registry.npmjs.org/source-map-js/-/source-map-js-1.2.1.tgz"
  integrity sha512-UXWMKhLOwVKb728IUtQPXxfYU+usdybtUrK/8uGE8CQMvrhOpwvzDBwj0QhSL7MQc7vIsISBG8VQ8+IDQxpfQA==

stream-chain@^2.2.5:
  version "2.2.5"
  resolved "https://registry.npmjs.org/stream-chain/-/stream-chain-2.2.5.tgz"
  integrity sha512-1TJmBx6aSWqZ4tx7aTpBDXK0/e2hhcNSTV8+CbFJtDjbb+I1mZ8lHit0Grw9GRT+6JbIrrDd8esncgBi8aBXGA==

stream-json@^1.9.1:
  version "1.9.1"
  resolved "https://registry.npmjs.org/stream-json/-/stream-json-1.9.1.tgz"
  integrity sha512-uWkjJ+2Nt/LO9Z/JyKZbMusL8Dkh97uUBTv3AJQ74y07lVahLY4eEFsPsE97pxYBwr8nnjMAIch5eqI0gPShyw==
  dependencies:
    stream-chain "^2.2.5"

styled-jsx@5.1.6:
  version "5.1.6"
  resolved "https://registry.npmjs.org/styled-jsx/-/styled-jsx-5.1.6.tgz"
  integrity sha512-qSVyDTeMotdvQYoHWLNGwRFJHC+i+ZvdBRYosOFgC+Wg1vx4frN2/RG/NA7SYqqvKNLf39P2LSRA2pu6n0XYZA==
  dependencies:
    client-only "0.0.1"

superstruct@^2.0.2:
  version "2.0.2"
  resolved "https://registry.npmjs.org/superstruct/-/superstruct-2.0.2.tgz"
  integrity sha512-uV+TFRZdXsqXTL2pRvujROjdZQ4RAlBUS5BTh9IGm+jTqQntYThciG/qu57Gs69yjnVUSqdxF9YLmSnpupBW9A==

text-encoding-utf-8@^1.0.2:
  version "1.0.2"
  resolved "https://registry.npmjs.org/text-encoding-utf-8/-/text-encoding-utf-8-1.0.2.tgz"
  integrity sha512-8bw4MY9WjdsD2aMtO0OzOCY3pXGYNx2d2FfHRVUKkiCPDWjKuOlhLVASS+pD7VkLTVjW268LYJHwsnPFlBpbAg==

tr46@~0.0.3:
  version "0.0.3"
  resolved "https://registry.npmjs.org/tr46/-/tr46-0.0.3.tgz"
  integrity sha512-N3WMsuqV66lT30CrXNbEjx4GEwlow3v6rr4mCcv6prnfwhS01rkgyFdjPNBYd9br7LpXV1+Emh01fHnq2Gdgrw==

tslib@^2.4.0, tslib@^2.8.0:
  version "2.8.1"
  resolved "https://registry.npmjs.org/tslib/-/tslib-2.8.1.tgz"
  integrity sha512-oJFu94HQb+KVduSUQL7wnpmqnfmLsOA/nAh6b6EH0wCEoK0/mPeXU6c3wKDV83MkOuHPRHtSXKKU99IBazS/2w==

uncrypto@^0.1.3:
  version "0.1.3"
  resolved "https://registry.npmjs.org/uncrypto/-/uncrypto-0.1.3.tgz"
  integrity sha512-Ql87qFHB3s/De2ClA9e0gsnS6zXG27SkTiSJwjCc9MebbfapQfuPzumMIUMi38ezPZVNFcHI9sUIepeQfw8J8Q==

utf-8-validate@^5.0.2:
  version "5.0.10"
  resolved "https://registry.yarnpkg.com/utf-8-validate/-/utf-8-validate-5.0.10.tgz#d7d10ea39318171ca982718b6b96a8d2442571a2"
  integrity sha512-Z6czzLq4u8fPOyx7TU6X3dvUZVvoJmxSQ+IcrlmagKhilxlhZgxPK6C5Jqbkw1IDUmFTM+cz9QDnnLTwDz/2gQ==
  dependencies:
    node-gyp-build "^4.3.0"

uuid@^8.3.2:
  version "8.3.2"
  resolved "https://registry.npmjs.org/uuid/-/uuid-8.3.2.tgz"
  integrity sha512-+NYs2QeMWy+GWFOEm9xnn6HCDp0l7QBD7ml8zLUmJ+93Q5NF0NocErnwkTkXVFNiX3/fpC6afS8Dhb/gz7R7eg==

webidl-conversions@^3.0.0:
  version "3.0.1"
  resolved "https://registry.npmjs.org/webidl-conversions/-/webidl-conversions-3.0.1.tgz"
  integrity sha512-2JAn3z8AR6rjK8Sm8orRC0h/bcl/DqL7tRPdGZ4I1CjdF+EaMLmYxBHyXuKL849eucPFhvBoxMsflfOb8kxaeQ==

whatwg-url@^5.0.0:
  version "5.0.0"
  resolved "https://registry.npmjs.org/whatwg-url/-/whatwg-url-5.0.0.tgz"
  integrity sha512-saE57nupxk6v3HY35+jzBwYa0rKSy0XR8JSxZPwgLr7ys0IBzhGviA1/TUGJLmSVqs8pb9AnvICXEuOHLprYTw==
  dependencies:
    tr46 "~0.0.3"
    webidl-conversions "^3.0.0"

ws@^7.5.10:
  version "7.5.10"
  resolved "https://registry.npmjs.org/ws/-/ws-7.5.10.tgz"
  integrity sha512-+dbF1tHwZpXcbOJdVOkzLDxZP1ailvSxM6ZweXTegylPny803bFhA+vqBYw4s31NSAk4S2Qz+AKXK9a4wkdjcQ==

ws@^8.5.0:
  version "8.18.3"
  resolved "https://registry.npmjs.org/ws/-/ws-8.18.3.tgz"
  integrity sha512-PEIGCY5tSlUt50cqyMXfCzX+oOPqN0vuGqWzbcJ2xvnkzkq46oOpz7dQaTDBdfICb4N14+GARUDw2XV2N4tvzg==
